{
  "name": "telemetry_ui",
  "version": "0.0.1",
  "lockfileVersion": 2,
  "requires": true,
  "packages": {
    "": {
      "name": "telemetry_ui",
      "version": "0.0.1",
      "dependencies": {
        "vega": "^5.22",
        "vega-embed": "^6.21",
        "vega-lite": "^5.5"
      },
      "devDependencies": {
        "prettier": "2.7.1"
      },
      "engines": {
        "node": "^16.15",
        "npm": "^8.11"
      }
    },
    "node_modules/@types/clone": {
      "version": "2.1.1",
      "license": "MIT"
    },
    "node_modules/@types/estree": {
      "version": "0.0.50",
      "license": "MIT"
    },
    "node_modules/ansi-regex": {
      "version": "5.0.1",
      "license": "MIT",
      "engines": {
        "node": ">=8"
      }
    },
    "node_modules/ansi-styles": {
      "version": "4.3.0",
      "license": "MIT",
      "dependencies": {
        "color-convert": "^2.0.1"
      },
      "engines": {
        "node": ">=8"
      },
      "funding": {
        "url": "https://github.com/chalk/ansi-styles?sponsor=1"
      }
    },
    "node_modules/array-flat-polyfill": {
      "version": "1.0.1",
      "license": "CC0-1.0",
      "engines": {
        "node": ">=6.0.0"
      }
    },
    "node_modules/cliui": {
      "version": "7.0.4",
      "license": "ISC",
      "dependencies": {
        "string-width": "^4.2.0",
        "strip-ansi": "^6.0.0",
        "wrap-ansi": "^7.0.0"
      }
    },
    "node_modules/clone": {
      "version": "2.1.2",
      "license": "MIT",
      "engines": {
        "node": ">=0.8"
      }
    },
    "node_modules/color-convert": {
      "version": "2.0.1",
      "license": "MIT",
      "dependencies": {
        "color-name": "~1.1.4"
      },
      "engines": {
        "node": ">=7.0.0"
      }
    },
    "node_modules/color-name": {
      "version": "1.1.4",
      "license": "MIT"
    },
    "node_modules/commander": {
      "version": "7.2.0",
      "license": "MIT",
      "engines": {
        "node": ">= 10"
      }
    },
    "node_modules/d3-array": {
      "version": "3.2.0",
      "license": "ISC",
      "dependencies": {
        "internmap": "1 - 2"
      },
      "engines": {
        "node": ">=12"
      }
    },
    "node_modules/d3-color": {
      "version": "3.1.0",
      "license": "ISC",
      "engines": {
        "node": ">=12"
      }
    },
    "node_modules/d3-delaunay": {
      "version": "6.0.2",
      "license": "ISC",
      "dependencies": {
        "delaunator": "5"
      },
      "engines": {
        "node": ">=12"
      }
    },
    "node_modules/d3-dispatch": {
      "version": "3.0.1",
      "license": "ISC",
      "engines": {
        "node": ">=12"
      }
    },
    "node_modules/d3-dsv": {
      "version": "3.0.1",
      "license": "ISC",
      "dependencies": {
        "commander": "7",
        "iconv-lite": "0.6",
        "rw": "1"
      },
      "bin": {
        "csv2json": "bin/dsv2json.js",
        "csv2tsv": "bin/dsv2dsv.js",
        "dsv2dsv": "bin/dsv2dsv.js",
        "dsv2json": "bin/dsv2json.js",
        "json2csv": "bin/json2dsv.js",
        "json2dsv": "bin/json2dsv.js",
        "json2tsv": "bin/json2dsv.js",
        "tsv2csv": "bin/dsv2dsv.js",
        "tsv2json": "bin/dsv2json.js"
      },
      "engines": {
        "node": ">=12"
      }
    },
    "node_modules/d3-force": {
      "version": "3.0.0",
      "license": "ISC",
      "dependencies": {
        "d3-dispatch": "1 - 3",
        "d3-quadtree": "1 - 3",
        "d3-timer": "1 - 3"
      },
      "engines": {
        "node": ">=12"
      }
    },
    "node_modules/d3-format": {
      "version": "3.1.0",
      "license": "ISC",
      "engines": {
        "node": ">=12"
      }
    },
    "node_modules/d3-geo": {
      "version": "3.0.1",
      "license": "ISC",
      "dependencies": {
        "d3-array": "2.5.0 - 3"
      },
      "engines": {
        "node": ">=12"
      }
    },
    "node_modules/d3-geo-projection": {
      "version": "4.0.0",
      "license": "ISC",
      "dependencies": {
        "commander": "7",
        "d3-array": "1 - 3",
        "d3-geo": "1.12.0 - 3"
      },
      "bin": {
        "geo2svg": "bin/geo2svg.js",
        "geograticule": "bin/geograticule.js",
        "geoproject": "bin/geoproject.js",
        "geoquantize": "bin/geoquantize.js",
        "geostitch": "bin/geostitch.js"
      },
      "engines": {
        "node": ">=12"
      }
    },
    "node_modules/d3-hierarchy": {
      "version": "3.1.2",
      "license": "ISC",
      "engines": {
        "node": ">=12"
      }
    },
    "node_modules/d3-interpolate": {
      "version": "3.0.1",
      "license": "ISC",
      "dependencies": {
        "d3-color": "1 - 3"
      },
      "engines": {
        "node": ">=12"
      }
    },
    "node_modules/d3-path": {
      "version": "3.0.1",
      "license": "ISC",
      "engines": {
        "node": ">=12"
      }
    },
    "node_modules/d3-quadtree": {
      "version": "3.0.1",
      "license": "ISC",
      "engines": {
        "node": ">=12"
      }
    },
    "node_modules/d3-scale": {
      "version": "4.0.2",
      "license": "ISC",
      "dependencies": {
        "d3-array": "2.10.0 - 3",
        "d3-format": "1 - 3",
        "d3-interpolate": "1.2.0 - 3",
        "d3-time": "2.1.1 - 3",
        "d3-time-format": "2 - 4"
      },
      "engines": {
        "node": ">=12"
      }
    },
    "node_modules/d3-shape": {
      "version": "3.1.0",
      "license": "ISC",
      "dependencies": {
        "d3-path": "1 - 3"
      },
      "engines": {
        "node": ">=12"
      }
    },
    "node_modules/d3-time": {
      "version": "3.0.0",
      "license": "ISC",
      "dependencies": {
        "d3-array": "2 - 3"
      },
      "engines": {
        "node": ">=12"
      }
    },
    "node_modules/d3-time-format": {
      "version": "4.1.0",
      "license": "ISC",
      "dependencies": {
        "d3-time": "1 - 3"
      },
      "engines": {
        "node": ">=12"
      }
    },
    "node_modules/d3-timer": {
      "version": "3.0.1",
      "license": "ISC",
      "engines": {
        "node": ">=12"
      }
    },
    "node_modules/delaunator": {
      "version": "5.0.0",
      "license": "ISC",
      "dependencies": {
        "robust-predicates": "^3.0.0"
      }
    },
    "node_modules/emoji-regex": {
      "version": "8.0.0",
      "license": "MIT"
    },
    "node_modules/escalade": {
      "version": "3.1.1",
      "license": "MIT",
      "engines": {
        "node": ">=6"
      }
    },
    "node_modules/fast-deep-equal": {
      "version": "3.1.3",
      "license": "MIT"
    },
    "node_modules/fast-json-patch": {
      "version": "3.1.1",
      "license": "MIT"
    },
    "node_modules/fast-json-stable-stringify": {
      "version": "2.1.0",
      "license": "MIT"
    },
    "node_modules/get-caller-file": {
      "version": "2.0.5",
      "license": "ISC",
      "engines": {
        "node": "6.* || 8.* || >= 10.*"
      }
    },
    "node_modules/iconv-lite": {
      "version": "0.6.3",
      "license": "MIT",
      "dependencies": {
        "safer-buffer": ">= 2.1.2 < 3.0.0"
      },
      "engines": {
        "node": ">=0.10.0"
      }
    },
    "node_modules/internmap": {
      "version": "2.0.3",
      "license": "ISC",
      "engines": {
        "node": ">=12"
      }
    },
    "node_modules/is-fullwidth-code-point": {
      "version": "3.0.0",
      "license": "MIT",
      "engines": {
        "node": ">=8"
      }
    },
    "node_modules/json-stringify-pretty-compact": {
      "version": "3.0.0",
      "license": "MIT"
    },
    "node_modules/lru-cache": {
      "version": "6.0.0",
      "license": "ISC",
      "dependencies": {
        "yallist": "^4.0.0"
      },
      "engines": {
        "node": ">=10"
      }
    },
    "node_modules/node-fetch": {
      "version": "2.6.7",
      "license": "MIT",
      "dependencies": {
        "whatwg-url": "^5.0.0"
      },
      "engines": {
        "node": "4.x || >=6.0.0"
      },
      "peerDependencies": {
        "encoding": "^0.1.0"
      },
      "peerDependenciesMeta": {
        "encoding": {
          "optional": true
        }
      }
    },
    "node_modules/prettier": {
      "version": "2.7.1",
      "dev": true,
      "license": "MIT",
      "bin": {
        "prettier": "bin-prettier.js"
      },
      "engines": {
        "node": ">=10.13.0"
      },
      "funding": {
        "url": "https://github.com/prettier/prettier?sponsor=1"
      }
    },
    "node_modules/require-directory": {
      "version": "2.1.1",
      "license": "MIT",
      "engines": {
        "node": ">=0.10.0"
      }
    },
    "node_modules/robust-predicates": {
      "version": "3.0.1",
      "license": "Unlicense"
    },
    "node_modules/rw": {
      "version": "1.3.3",
      "license": "BSD-3-Clause"
    },
    "node_modules/safer-buffer": {
      "version": "2.1.2",
      "license": "MIT"
    },
    "node_modules/semver": {
      "version": "7.3.7",
      "license": "ISC",
      "dependencies": {
        "lru-cache": "^6.0.0"
      },
      "bin": {
        "semver": "bin/semver.js"
      },
      "engines": {
        "node": ">=10"
      }
    },
    "node_modules/string-width": {
      "version": "4.2.3",
      "license": "MIT",
      "dependencies": {
        "emoji-regex": "^8.0.0",
        "is-fullwidth-code-point": "^3.0.0",
        "strip-ansi": "^6.0.1"
      },
      "engines": {
        "node": ">=8"
      }
    },
    "node_modules/strip-ansi": {
      "version": "6.0.1",
      "license": "MIT",
      "dependencies": {
        "ansi-regex": "^5.0.1"
      },
      "engines": {
        "node": ">=8"
      }
    },
    "node_modules/topojson-client": {
      "version": "3.1.0",
      "license": "ISC",
      "dependencies": {
        "commander": "2"
      },
      "bin": {
        "topo2geo": "bin/topo2geo",
        "topomerge": "bin/topomerge",
        "topoquantize": "bin/topoquantize"
      }
    },
    "node_modules/topojson-client/node_modules/commander": {
      "version": "2.20.3",
      "license": "MIT"
    },
    "node_modules/tr46": {
      "version": "0.0.3",
      "license": "MIT"
    },
    "node_modules/tslib": {
      "version": "2.4.0",
      "license": "0BSD"
    },
    "node_modules/vega": {
      "version": "5.22.1",
      "license": "BSD-3-Clause",
      "dependencies": {
        "vega-crossfilter": "~4.1.0",
        "vega-dataflow": "~5.7.4",
        "vega-encode": "~4.9.0",
        "vega-event-selector": "~3.0.0",
        "vega-expression": "~5.0.0",
        "vega-force": "~4.1.0",
        "vega-format": "~1.1.0",
        "vega-functions": "~5.13.0",
        "vega-geo": "~4.4.0",
        "vega-hierarchy": "~4.1.0",
        "vega-label": "~1.2.0",
        "vega-loader": "~4.5.0",
        "vega-parser": "~6.1.4",
        "vega-projection": "~1.5.0",
        "vega-regression": "~1.1.0",
        "vega-runtime": "~6.1.3",
        "vega-scale": "~7.2.0",
        "vega-scenegraph": "~4.10.1",
        "vega-statistics": "~1.8.0",
        "vega-time": "~2.1.0",
        "vega-transforms": "~4.10.0",
        "vega-typings": "~0.22.0",
        "vega-util": "~1.17.0",
        "vega-view": "~5.11.0",
        "vega-view-transforms": "~4.5.8",
        "vega-voronoi": "~4.2.0",
        "vega-wordcloud": "~4.1.3"
      }
    },
    "node_modules/vega-canvas": {
      "version": "1.2.6",
      "license": "BSD-3-Clause"
    },
    "node_modules/vega-crossfilter": {
      "version": "4.1.0",
      "license": "BSD-3-Clause",
      "dependencies": {
        "d3-array": "^3.1.1",
        "vega-dataflow": "^5.7.3",
        "vega-util": "^1.15.2"
      }
    },
    "node_modules/vega-dataflow": {
      "version": "5.7.4",
      "license": "BSD-3-Clause",
      "dependencies": {
        "vega-format": "^1.0.4",
        "vega-loader": "^4.3.2",
        "vega-util": "^1.16.1"
      }
    },
    "node_modules/vega-embed": {
      "version": "6.21.0",
      "bundleDependencies": [
        "yallist"
      ],
      "license": "BSD-3-Clause",
      "dependencies": {
        "fast-json-patch": "^3.1.1",
        "json-stringify-pretty-compact": "^3.0.0",
        "semver": "^7.3.7",
        "tslib": "^2.4.0",
        "vega-interpreter": "^1.0.4",
        "vega-schema-url-parser": "^2.2.0",
        "vega-themes": "^2.10.0",
        "vega-tooltip": "^0.28.0"
      },
      "peerDependencies": {
        "vega": "^5.21.0",
        "vega-lite": "*"
      }
    },
    "node_modules/vega-embed/node_modules/yallist": {
      "version": "4.0.0",
      "extraneous": true,
      "inBundle": true,
      "license": "ISC"
    },
    "node_modules/vega-encode": {
      "version": "4.9.0",
      "license": "BSD-3-Clause",
      "dependencies": {
        "d3-array": "^3.1.1",
        "d3-interpolate": "^3.0.1",
        "vega-dataflow": "^5.7.3",
        "vega-scale": "^7.0.3",
        "vega-util": "^1.15.2"
      }
    },
    "node_modules/vega-event-selector": {
      "version": "3.0.0",
      "license": "BSD-3-Clause"
    },
    "node_modules/vega-expression": {
      "version": "5.0.0",
      "license": "BSD-3-Clause",
      "dependencies": {
        "@types/estree": "^0.0.50",
        "vega-util": "^1.16.0"
      }
    },
    "node_modules/vega-force": {
      "version": "4.1.0",
      "license": "BSD-3-Clause",
      "dependencies": {
        "d3-force": "^3.0.0",
        "vega-dataflow": "^5.7.3",
        "vega-util": "^1.15.2"
      }
    },
    "node_modules/vega-format": {
      "version": "1.1.0",
      "license": "BSD-3-Clause",
      "dependencies": {
        "d3-array": "^3.1.1",
        "d3-format": "^3.1.0",
        "d3-time-format": "^4.1.0",
        "vega-time": "^2.0.3",
        "vega-util": "^1.15.2"
      }
    },
    "node_modules/vega-functions": {
      "version": "5.13.0",
      "license": "BSD-3-Clause",
      "dependencies": {
        "d3-array": "^3.1.1",
        "d3-color": "^3.0.1",
        "d3-geo": "^3.0.1",
        "vega-dataflow": "^5.7.3",
        "vega-expression": "^5.0.0",
        "vega-scale": "^7.2.0",
        "vega-scenegraph": "^4.9.3",
        "vega-selections": "^5.3.1",
        "vega-statistics": "^1.7.9",
        "vega-time": "^2.1.0",
        "vega-util": "^1.16.0"
      }
    },
    "node_modules/vega-geo": {
      "version": "4.4.0",
      "license": "BSD-3-Clause",
      "dependencies": {
        "d3-array": "^3.1.1",
        "d3-color": "^3.0.1",
        "d3-geo": "^3.0.1",
        "vega-canvas": "^1.2.5",
        "vega-dataflow": "^5.7.3",
        "vega-projection": "^1.4.5",
        "vega-statistics": "^1.7.9",
        "vega-util": "^1.15.2"
      }
    },
    "node_modules/vega-hierarchy": {
      "version": "4.1.0",
      "license": "BSD-3-Clause",
      "dependencies": {
        "d3-hierarchy": "^3.1.0",
        "vega-dataflow": "^5.7.3",
        "vega-util": "^1.15.2"
      }
    },
    "node_modules/vega-interpreter": {
      "version": "1.0.4",
      "license": "BSD-3-Clause"
    },
    "node_modules/vega-label": {
      "version": "1.2.0",
      "license": "BSD-3-Clause",
      "dependencies": {
        "vega-canvas": "^1.2.6",
        "vega-dataflow": "^5.7.3",
        "vega-scenegraph": "^4.9.2",
        "vega-util": "^1.15.2"
      }
    },
    "node_modules/vega-lite": {
      "version": "5.5.0",
      "license": "BSD-3-Clause",
      "dependencies": {
        "@types/clone": "~2.1.1",
        "array-flat-polyfill": "^1.0.1",
        "clone": "~2.1.2",
        "fast-deep-equal": "~3.1.3",
        "fast-json-stable-stringify": "~2.1.0",
        "json-stringify-pretty-compact": "~3.0.0",
        "tslib": "~2.4.0",
        "vega-event-selector": "~3.0.0",
        "vega-expression": "~5.0.0",
        "vega-util": "~1.17.0",
        "yargs": "~17.5.1"
      },
      "bin": {
        "vl2pdf": "bin/vl2pdf",
        "vl2png": "bin/vl2png",
        "vl2svg": "bin/vl2svg",
        "vl2vg": "bin/vl2vg"
      },
      "engines": {
        "node": ">=12"
      },
      "peerDependencies": {
        "vega": "^5.22.0"
      }
    },
    "node_modules/vega-loader": {
      "version": "4.5.0",
      "license": "BSD-3-Clause",
      "dependencies": {
        "d3-dsv": "^3.0.1",
        "node-fetch": "^2.6.7",
        "topojson-client": "^3.1.0",
        "vega-format": "^1.1.0",
        "vega-util": "^1.16.0"
      }
    },
    "node_modules/vega-parser": {
      "version": "6.1.4",
      "license": "BSD-3-Clause",
      "dependencies": {
        "vega-dataflow": "^5.7.3",
        "vega-event-selector": "^3.0.0",
        "vega-functions": "^5.12.1",
        "vega-scale": "^7.1.1",
        "vega-util": "^1.16.0"
      }
    },
    "node_modules/vega-projection": {
      "version": "1.5.0",
      "license": "BSD-3-Clause",
      "dependencies": {
        "d3-geo": "^3.0.1",
        "d3-geo-projection": "^4.0.0"
      }
    },
    "node_modules/vega-regression": {
      "version": "1.1.0",
      "license": "BSD-3-Clause",
      "dependencies": {
        "d3-array": "^3.1.1",
        "vega-dataflow": "^5.7.3",
        "vega-statistics": "^1.7.9",
        "vega-util": "^1.15.2"
      }
    },
    "node_modules/vega-runtime": {
      "version": "6.1.3",
      "license": "BSD-3-Clause",
      "dependencies": {
        "vega-dataflow": "^5.7.3",
        "vega-util": "^1.15.2"
      }
    },
    "node_modules/vega-scale": {
      "version": "7.2.0",
      "license": "BSD-3-Clause",
      "dependencies": {
        "d3-array": "^3.1.1",
        "d3-interpolate": "^3.0.1",
        "d3-scale": "^4.0.2",
        "vega-time": "^2.1.0",
        "vega-util": "^1.17.0"
      }
    },
    "node_modules/vega-scenegraph": {
      "version": "4.10.1",
      "license": "BSD-3-Clause",
      "dependencies": {
        "d3-path": "^3.0.1",
        "d3-shape": "^3.1.0",
        "vega-canvas": "^1.2.5",
        "vega-loader": "^4.4.0",
        "vega-scale": "^7.2.0",
        "vega-util": "^1.15.2"
      }
    },
    "node_modules/vega-schema-url-parser": {
      "version": "2.2.0",
      "license": "BSD-3-Clause"
    },
    "node_modules/vega-selections": {
      "version": "5.4.0",
      "license": "BSD-3-Clause",
      "dependencies": {
        "d3-array": "3.1.1",
        "vega-expression": "^5.0.0",
        "vega-util": "^1.16.0"
      }
    },
    "node_modules/vega-selections/node_modules/d3-array": {
      "version": "3.1.1",
      "license": "ISC",
      "dependencies": {
        "internmap": "1 - 2"
      },
      "engines": {
        "node": ">=12"
      }
    },
    "node_modules/vega-statistics": {
      "version": "1.8.0",
      "license": "BSD-3-Clause",
      "dependencies": {
        "d3-array": "^3.1.1"
      }
    },
    "node_modules/vega-themes": {
      "version": "2.10.0",
      "license": "BSD-3-Clause",
      "peerDependencies": {
        "vega": "*",
        "vega-lite": "*"
      }
    },
    "node_modules/vega-time": {
      "version": "2.1.0",
      "license": "BSD-3-Clause",
      "dependencies": {
        "d3-array": "^3.1.1",
        "d3-time": "^3.0.0",
        "vega-util": "^1.15.2"
      }
    },
    "node_modules/vega-tooltip": {
      "version": "0.28.0",
      "license": "BSD-3-Clause",
      "dependencies": {
        "vega-util": "^1.17.0"
      }
    },
    "node_modules/vega-transforms": {
      "version": "4.10.0",
      "license": "BSD-3-Clause",
      "dependencies": {
        "d3-array": "^3.1.1",
        "vega-dataflow": "^5.7.4",
        "vega-statistics": "^1.8.0",
        "vega-time": "^2.1.0",
        "vega-util": "^1.16.1"
      }
    },
    "node_modules/vega-typings": {
      "version": "0.22.3",
      "license": "BSD-3-Clause",
      "dependencies": {
        "vega-event-selector": "^3.0.0",
        "vega-expression": "^5.0.0",
        "vega-util": "^1.15.2"
      }
    },
    "node_modules/vega-util": {
      "version": "1.17.0",
      "license": "BSD-3-Clause"
    },
    "node_modules/vega-view": {
      "version": "5.11.0",
      "license": "BSD-3-Clause",
      "dependencies": {
        "d3-array": "^3.1.1",
        "d3-timer": "^3.0.1",
        "vega-dataflow": "^5.7.3",
        "vega-format": "^1.1.0",
        "vega-functions": "^5.13.0",
        "vega-runtime": "^6.1.3",
        "vega-scenegraph": "^4.10.0",
        "vega-util": "^1.16.1"
      }
    },
    "node_modules/vega-view-transforms": {
      "version": "4.5.8",
      "license": "BSD-3-Clause",
      "dependencies": {
        "vega-dataflow": "^5.7.3",
        "vega-scenegraph": "^4.9.2",
        "vega-util": "^1.15.2"
      }
    },
    "node_modules/vega-voronoi": {
      "version": "4.2.0",
      "license": "BSD-3-Clause",
      "dependencies": {
        "d3-delaunay": "^6.0.2",
        "vega-dataflow": "^5.7.3",
        "vega-util": "^1.15.2"
      }
    },
    "node_modules/vega-wordcloud": {
      "version": "4.1.3",
      "license": "BSD-3-Clause",
      "dependencies": {
        "vega-canvas": "^1.2.5",
        "vega-dataflow": "^5.7.3",
        "vega-scale": "^7.1.1",
        "vega-statistics": "^1.7.9",
        "vega-util": "^1.15.2"
      }
    },
    "node_modules/webidl-conversions": {
      "version": "3.0.1",
      "license": "BSD-2-Clause"
    },
    "node_modules/whatwg-url": {
      "version": "5.0.0",
      "license": "MIT",
      "dependencies": {
        "tr46": "~0.0.3",
        "webidl-conversions": "^3.0.0"
      }
    },
    "node_modules/wrap-ansi": {
      "version": "7.0.0",
      "license": "MIT",
      "dependencies": {
        "ansi-styles": "^4.0.0",
        "string-width": "^4.1.0",
        "strip-ansi": "^6.0.0"
      },
      "engines": {
        "node": ">=10"
      },
      "funding": {
        "url": "https://github.com/chalk/wrap-ansi?sponsor=1"
      }
    },
    "node_modules/y18n": {
      "version": "5.0.8",
      "license": "ISC",
      "engines": {
        "node": ">=10"
      }
    },
    "node_modules/yallist": {
      "version": "4.0.0",
      "license": "ISC"
    },
    "node_modules/yargs": {
      "version": "17.5.1",
      "license": "MIT",
      "dependencies": {
        "cliui": "^7.0.2",
        "escalade": "^3.1.1",
        "get-caller-file": "^2.0.5",
        "require-directory": "^2.1.1",
        "string-width": "^4.2.3",
        "y18n": "^5.0.5",
        "yargs-parser": "^21.0.0"
      },
      "engines": {
        "node": ">=12"
      }
    },
    "node_modules/yargs-parser": {
      "version": "21.1.1",
      "license": "ISC",
      "engines": {
        "node": ">=12"
      }
    }
  },
  "dependencies": {
    "@types/clone": {
      "version": "2.1.1"
    },
    "@types/estree": {
      "version": "0.0.50"
    },
    "ansi-regex": {
      "version": "5.0.1"
    },
    "ansi-styles": {
      "version": "4.3.0",
      "requires": {
        "color-convert": "^2.0.1"
      }
    },
    "array-flat-polyfill": {
      "version": "1.0.1"
    },
    "cliui": {
      "version": "7.0.4",
      "requires": {
        "string-width": "^4.2.0",
        "strip-ansi": "^6.0.0",
        "wrap-ansi": "^7.0.0"
      }
    },
    "clone": {
      "version": "2.1.2"
    },
    "color-convert": {
      "version": "2.0.1",
      "requires": {
        "color-name": "~1.1.4"
      }
    },
    "color-name": {
      "version": "1.1.4"
    },
    "commander": {
      "version": "7.2.0"
    },
    "d3-array": {
      "version": "3.2.0",
      "requires": {
        "internmap": "1 - 2"
      }
    },
    "d3-color": {
      "version": "3.1.0"
    },
    "d3-delaunay": {
      "version": "6.0.2",
      "requires": {
        "delaunator": "5"
      }
    },
    "d3-dispatch": {
      "version": "3.0.1"
    },
    "d3-dsv": {
      "version": "3.0.1",
      "requires": {
        "commander": "7",
        "iconv-lite": "0.6",
        "rw": "1"
      }
    },
    "d3-force": {
      "version": "3.0.0",
      "requires": {
        "d3-dispatch": "1 - 3",
        "d3-quadtree": "1 - 3",
        "d3-timer": "1 - 3"
      }
    },
    "d3-format": {
      "version": "3.1.0"
    },
    "d3-geo": {
      "version": "3.0.1",
      "requires": {
        "d3-array": "2.5.0 - 3"
      }
    },
    "d3-geo-projection": {
      "version": "4.0.0",
      "requires": {
        "commander": "7",
        "d3-array": "1 - 3",
        "d3-geo": "1.12.0 - 3"
      }
    },
    "d3-hierarchy": {
      "version": "3.1.2"
    },
    "d3-interpolate": {
      "version": "3.0.1",
      "requires": {
        "d3-color": "1 - 3"
      }
    },
    "d3-path": {
      "version": "3.0.1"
    },
    "d3-quadtree": {
      "version": "3.0.1"
    },
    "d3-scale": {
      "version": "4.0.2",
      "requires": {
        "d3-array": "2.10.0 - 3",
        "d3-format": "1 - 3",
        "d3-interpolate": "1.2.0 - 3",
        "d3-time": "2.1.1 - 3",
        "d3-time-format": "2 - 4"
      }
    },
    "d3-shape": {
      "version": "3.1.0",
      "requires": {
        "d3-path": "1 - 3"
      }
    },
    "d3-time": {
      "version": "3.0.0",
      "requires": {
        "d3-array": "2 - 3"
      }
    },
    "d3-time-format": {
      "version": "4.1.0",
      "requires": {
        "d3-time": "1 - 3"
      }
    },
    "d3-timer": {
      "version": "3.0.1"
    },
    "delaunator": {
      "version": "5.0.0",
      "requires": {
        "robust-predicates": "^3.0.0"
      }
    },
    "emoji-regex": {
      "version": "8.0.0"
    },
    "escalade": {
      "version": "3.1.1"
    },
    "fast-deep-equal": {
      "version": "3.1.3"
    },
    "fast-json-patch": {
      "version": "3.1.1"
    },
    "fast-json-stable-stringify": {
      "version": "2.1.0"
    },
    "get-caller-file": {
      "version": "2.0.5"
    },
    "iconv-lite": {
      "version": "0.6.3",
      "requires": {
        "safer-buffer": ">= 2.1.2 < 3.0.0"
      }
    },
    "internmap": {
      "version": "2.0.3"
    },
    "is-fullwidth-code-point": {
      "version": "3.0.0"
    },
    "json-stringify-pretty-compact": {
      "version": "3.0.0"
    },
    "lru-cache": {
      "version": "6.0.0",
      "requires": {
        "yallist": "^4.0.0"
      }
    },
    "node-fetch": {
      "version": "2.6.7",
      "requires": {
        "whatwg-url": "^5.0.0"
      }
    },
    "prettier": {
      "version": "2.7.1",
      "dev": true
    },
    "require-directory": {
      "version": "2.1.1"
    },
    "robust-predicates": {
      "version": "3.0.1"
    },
    "rw": {
      "version": "1.3.3"
    },
    "safer-buffer": {
      "version": "2.1.2"
    },
    "semver": {
      "version": "7.3.7",
      "requires": {
        "lru-cache": "^6.0.0"
      }
    },
    "string-width": {
      "version": "4.2.3",
      "requires": {
        "emoji-regex": "^8.0.0",
        "is-fullwidth-code-point": "^3.0.0",
        "strip-ansi": "^6.0.1"
      }
    },
    "strip-ansi": {
      "version": "6.0.1",
      "requires": {
        "ansi-regex": "^5.0.1"
      }
    },
    "topojson-client": {
      "version": "3.1.0",
      "requires": {
        "commander": "2"
      },
      "dependencies": {
        "commander": {
          "version": "2.20.3"
        }
      }
    },
    "tr46": {
      "version": "0.0.3"
    },
    "tslib": {
      "version": "2.4.0"
    },
    "vega": {
      "version": "5.22.1",
      "requires": {
        "vega-crossfilter": "~4.1.0",
        "vega-dataflow": "~5.7.4",
        "vega-encode": "~4.9.0",
        "vega-event-selector": "~3.0.0",
        "vega-expression": "~5.0.0",
        "vega-force": "~4.1.0",
        "vega-format": "~1.1.0",
        "vega-functions": "~5.13.0",
        "vega-geo": "~4.4.0",
        "vega-hierarchy": "~4.1.0",
        "vega-label": "~1.2.0",
        "vega-loader": "~4.5.0",
        "vega-parser": "~6.1.4",
        "vega-projection": "~1.5.0",
        "vega-regression": "~1.1.0",
        "vega-runtime": "~6.1.3",
        "vega-scale": "~7.2.0",
        "vega-scenegraph": "~4.10.1",
        "vega-statistics": "~1.8.0",
        "vega-time": "~2.1.0",
        "vega-transforms": "~4.10.0",
        "vega-typings": "~0.22.0",
        "vega-util": "~1.17.0",
        "vega-view": "~5.11.0",
        "vega-view-transforms": "~4.5.8",
        "vega-voronoi": "~4.2.0",
        "vega-wordcloud": "~4.1.3"
      }
    },
    "vega-canvas": {
      "version": "1.2.6"
    },
    "vega-crossfilter": {
      "version": "4.1.0",
      "requires": {
        "d3-array": "^3.1.1",
        "vega-dataflow": "^5.7.3",
        "vega-util": "^1.15.2"
      }
    },
    "vega-dataflow": {
      "version": "5.7.4",
      "requires": {
        "vega-format": "^1.0.4",
        "vega-loader": "^4.3.2",
        "vega-util": "^1.16.1"
      }
    },
    "vega-embed": {
      "version": "6.21.0",
      "requires": {
        "fast-json-patch": "^3.1.1",
        "json-stringify-pretty-compact": "^3.0.0",
        "semver": "^7.3.7",
        "tslib": "^2.4.0",
        "vega-interpreter": "^1.0.4",
        "vega-schema-url-parser": "^2.2.0",
        "vega-themes": "^2.10.0",
        "vega-tooltip": "^0.28.0"
      },
      "dependencies": {
        "yallist": {
          "version": "4.0.0",
          "bundled": true,
          "extraneous": true
        }
      }
    },
    "vega-encode": {
      "version": "4.9.0",
      "requires": {
        "d3-array": "^3.1.1",
        "d3-interpolate": "^3.0.1",
        "vega-dataflow": "^5.7.3",
        "vega-scale": "^7.0.3",
        "vega-util": "^1.15.2"
      }
    },
    "vega-event-selector": {
      "version": "3.0.0"
    },
    "vega-expression": {
      "version": "5.0.0",
      "requires": {
        "@types/estree": "^0.0.50",
        "vega-util": "^1.16.0"
      }
    },
    "vega-force": {
      "version": "4.1.0",
      "requires": {
        "d3-force": "^3.0.0",
        "vega-dataflow": "^5.7.3",
        "vega-util": "^1.15.2"
      }
    },
    "vega-format": {
      "version": "1.1.0",
      "requires": {
        "d3-array": "^3.1.1",
        "d3-format": "^3.1.0",
        "d3-time-format": "^4.1.0",
        "vega-time": "^2.0.3",
        "vega-util": "^1.15.2"
      }
    },
    "vega-functions": {
      "version": "5.13.0",
      "requires": {
        "d3-array": "^3.1.1",
        "d3-color": "^3.0.1",
        "d3-geo": "^3.0.1",
        "vega-dataflow": "^5.7.3",
        "vega-expression": "^5.0.0",
        "vega-scale": "^7.2.0",
        "vega-scenegraph": "^4.9.3",
        "vega-selections": "^5.3.1",
        "vega-statistics": "^1.7.9",
        "vega-time": "^2.1.0",
        "vega-util": "^1.16.0"
      }
    },
    "vega-geo": {
      "version": "4.4.0",
      "requires": {
        "d3-array": "^3.1.1",
        "d3-color": "^3.0.1",
        "d3-geo": "^3.0.1",
        "vega-canvas": "^1.2.5",
        "vega-dataflow": "^5.7.3",
        "vega-projection": "^1.4.5",
        "vega-statistics": "^1.7.9",
        "vega-util": "^1.15.2"
      }
    },
    "vega-hierarchy": {
      "version": "4.1.0",
      "requires": {
        "d3-hierarchy": "^3.1.0",
        "vega-dataflow": "^5.7.3",
        "vega-util": "^1.15.2"
      }
    },
    "vega-interpreter": {
      "version": "1.0.4"
    },
    "vega-label": {
      "version": "1.2.0",
      "requires": {
        "vega-canvas": "^1.2.6",
        "vega-dataflow": "^5.7.3",
        "vega-scenegraph": "^4.9.2",
        "vega-util": "^1.15.2"
      }
    },
    "vega-lite": {
      "version": "5.5.0",
      "requires": {
        "@types/clone": "~2.1.1",
        "array-flat-polyfill": "^1.0.1",
        "clone": "~2.1.2",
        "fast-deep-equal": "~3.1.3",
        "fast-json-stable-stringify": "~2.1.0",
        "json-stringify-pretty-compact": "~3.0.0",
        "tslib": "~2.4.0",
        "vega-event-selector": "~3.0.0",
        "vega-expression": "~5.0.0",
        "vega-util": "~1.17.0",
        "yargs": "~17.5.1"
      }
    },
    "vega-loader": {
      "version": "4.5.0",
      "requires": {
        "d3-dsv": "^3.0.1",
        "node-fetch": "^2.6.7",
        "topojson-client": "^3.1.0",
        "vega-format": "^1.1.0",
        "vega-util": "^1.16.0"
      }
    },
    "vega-parser": {
      "version": "6.1.4",
      "requires": {
        "vega-dataflow": "^5.7.3",
        "vega-event-selector": "^3.0.0",
        "vega-functions": "^5.12.1",
        "vega-scale": "^7.1.1",
        "vega-util": "^1.16.0"
      }
    },
    "vega-projection": {
      "version": "1.5.0",
      "requires": {
        "d3-geo": "^3.0.1",
        "d3-geo-projection": "^4.0.0"
      }
    },
    "vega-regression": {
      "version": "1.1.0",
      "requires": {
        "d3-array": "^3.1.1",
        "vega-dataflow": "^5.7.3",
        "vega-statistics": "^1.7.9",
        "vega-util": "^1.15.2"
      }
    },
    "vega-runtime": {
      "version": "6.1.3",
      "requires": {
        "vega-dataflow": "^5.7.3",
        "vega-util": "^1.15.2"
      }
    },
    "vega-scale": {
      "version": "7.2.0",
      "requires": {
        "d3-array": "^3.1.1",
        "d3-interpolate": "^3.0.1",
        "d3-scale": "^4.0.2",
        "vega-time": "^2.1.0",
        "vega-util": "^1.17.0"
      }
    },
    "vega-scenegraph": {
      "version": "4.10.1",
      "requires": {
        "d3-path": "^3.0.1",
        "d3-shape": "^3.1.0",
        "vega-canvas": "^1.2.5",
        "vega-loader": "^4.4.0",
        "vega-scale": "^7.2.0",
        "vega-util": "^1.15.2"
      }
    },
    "vega-schema-url-parser": {
      "version": "2.2.0"
    },
    "vega-selections": {
      "version": "5.4.0",
      "requires": {
        "d3-array": "3.1.1",
        "vega-expression": "^5.0.0",
        "vega-util": "^1.16.0"
      },
      "dependencies": {
        "d3-array": {
          "version": "3.1.1",
          "requires": {
            "internmap": "1 - 2"
          }
        }
      }
    },
    "vega-statistics": {
      "version": "1.8.0",
      "requires": {
        "d3-array": "^3.1.1"
      }
    },
    "vega-themes": {
      "version": "2.10.0",
      "requires": {}
    },
    "vega-time": {
      "version": "2.1.0",
      "requires": {
        "d3-array": "^3.1.1",
        "d3-time": "^3.0.0",
        "vega-util": "^1.15.2"
      }
    },
    "vega-tooltip": {
      "version": "0.28.0",
      "requires": {
        "vega-util": "^1.17.0"
      }
    },
    "vega-transforms": {
      "version": "4.10.0",
      "requires": {
        "d3-array": "^3.1.1",
        "vega-dataflow": "^5.7.4",
        "vega-statistics": "^1.8.0",
        "vega-time": "^2.1.0",
        "vega-util": "^1.16.1"
      }
    },
    "vega-typings": {
      "version": "0.22.3",
      "requires": {
        "vega-event-selector": "^3.0.0",
        "vega-expression": "^5.0.0",
        "vega-util": "^1.15.2"
      }
    },
    "vega-util": {
      "version": "1.17.0"
    },
    "vega-view": {
      "version": "5.11.0",
      "requires": {
        "d3-array": "^3.1.1",
        "d3-timer": "^3.0.1",
        "vega-dataflow": "^5.7.3",
        "vega-format": "^1.1.0",
        "vega-functions": "^5.13.0",
        "vega-runtime": "^6.1.3",
        "vega-scenegraph": "^4.10.0",
        "vega-util": "^1.16.1"
      }
    },
    "vega-view-transforms": {
      "version": "4.5.8",
      "requires": {
        "vega-dataflow": "^5.7.3",
        "vega-scenegraph": "^4.9.2",
        "vega-util": "^1.15.2"
      }
    },
    "vega-voronoi": {
      "version": "4.2.0",
      "requires": {
        "d3-delaunay": "^6.0.2",
        "vega-dataflow": "^5.7.3",
        "vega-util": "^1.15.2"
      }
    },
    "vega-wordcloud": {
      "version": "4.1.3",
      "requires": {
        "vega-canvas": "^1.2.5",
        "vega-dataflow": "^5.7.3",
        "vega-scale": "^7.1.1",
        "vega-statistics": "^1.7.9",
        "vega-util": "^1.15.2"
      }
    },
    "webidl-conversions": {
      "version": "3.0.1"
    },
    "whatwg-url": {
      "version": "5.0.0",
      "requires": {
        "tr46": "~0.0.3",
        "webidl-conversions": "^3.0.0"
      }
    },
    "wrap-ansi": {
      "version": "7.0.0",
      "requires": {
        "ansi-styles": "^4.0.0",
        "string-width": "^4.1.0",
        "strip-ansi": "^6.0.0"
      }
    },
    "y18n": {
      "version": "5.0.8"
    },
    "yallist": {
      "version": "4.0.0"
    },
    "yargs": {
      "version": "17.5.1",
      "requires": {
        "cliui": "^7.0.2",
        "escalade": "^3.1.1",
        "get-caller-file": "^2.0.5",
        "require-directory": "^2.1.1",
        "string-width": "^4.2.3",
        "y18n": "^5.0.5",
        "yargs-parser": "^21.0.0"
      }
    },
    "yargs-parser": {
      "version": "21.1.1"
    }
  }
}
